<?xml version="1.0" encoding="utf-8"?>
<Project ToolsVersion="4.0" xmlns="http://schemas.microsoft.com/developer/msbuild/2003">
  <ItemGroup>
    <ClCompile Include="source\main.cpp" />
    <ClCompile Include="source\app\app.cpp" />
    <ClCompile Include="source\headers\b64\b64.cpp" />
  </ItemGroup>
  <ItemGroup>
    <ClInclude Include="source\vendor.h" />
    <ClInclude Include="source\headers\singleton.h" />
    <ClInclude Include="source\headers\types.h" />
    <ClInclude Include="source\headers\hashing.h" />
    <ClInclude Include="source\headers\protect.h" />
    <ClInclude Include="source\app\app.h" />
    <ClInclude Include="source\headers\b64\b64.h" />
    <ClInclude Include="source\headers\utils.h" />
    <ClInclude Include="source\headers\hellsgate.h" />
  </ItemGroup>
  <ItemGroup>
    <MASM Include="source\hg.asm" />
  </ItemGroup>
</Project>